
Microsoft Visual Studio Solution File, Format Version 12.00
# Visual Studio Version 17
VisualStudioVersion = 17.7.34009.444
MinimumVisualStudioVersion = 10.0.40219.1
Project("{FAE04EC0-301F-11D3-BF4B-00C04F79EFBC}") = "gerador de senhas", "gerador de senhas\gerador de senhas.csproj", "{8903F89B-46E0-4B9B-B9CD-3BFE1C304A68}"
EndProject
Global
	GlobalSection(SolutionConfigurationPlatforms) = preSolution
		Debug|Any CPU = Debug|Any CPU
		Release|Any CPU = Release|Any CPU
	EndGlobalSection
	GlobalSection(ProjectConfigurationPlatforms) = postSolution
		{8903F89B-46E0-4B9B-B9CD-3BFE1C304A68}.Debug|Any CPU.ActiveCfg = Debug|Any CPU
		{8903F89B-46E0-4B9B-B9CD-3BFE1C304A68}.Debug|Any CPU.Build.0 = Debug|Any CPU
		{8903F89B-46E0-4B9B-B9CD-3BFE1C304A68}.Release|Any CPU.ActiveCfg = Release|Any CPU
		{8903F89B-46E0-4B9B-B9CD-3BFE1C304A68}.Release|Any CPU.Build.0 = Release|Any CPU
	EndGlobalSection
	GlobalSection(SolutionProperties) = preSolution
		HideSolutionNode = FALSE
	EndGlobalSection
	GlobalSection(ExtensibilityGlobals) = postSolution
		SolutionGuid = {F77AE620-2429-45C8-AAA4-E361D716A175}
	EndGlobalSection
EndGlobal
